// !$*UTF8*$!
{
	archiveVersion = 1;
	classes = {
	};
	objectVersion = 46;
	objects = {

/* Begin PBXBuildFile section */
		6840372C1DC3985C001A40C8 /* console.cpp in Sources */ = {isa = PBXBuildFile; fileRef = 684037201DC3985C001A40C8 /* console.cpp */; };
		6840372D1DC3985C001A40C8 /* devcpu.cpp in Sources */ = {isa = PBXBuildFile; fileRef = 684037221DC3985C001A40C8 /* devcpu.cpp */; };
		6840372F1DC3985C001A40C8 /* alpha.cpp in Sources */ = {isa = PBXBuildFile; fileRef = 684037291DC3985C001A40C8 /* alpha.cpp */; };
		684037311DC39E09001A40C8 /* pdp10.cpp in Sources */ = {isa = PBXBuildFile; fileRef = 684037301DC39E09001A40C8 /* pdp10.cpp */; };
		684037F81DC3D1B0001A40C8 /* user.cpp in Sources */ = {isa = PBXBuildFile; fileRef = 684037F61DC3D1B0001A40C8 /* user.cpp */; };
		684037FB1DC3D281001A40C8 /* commands.cpp in Sources */ = {isa = PBXBuildFile; fileRef = 684037F91DC3D281001A40C8 /* commands.cpp */; };
		686D748A1E72E7AC001A40C8 /* Makefile in Sources */ = {isa = PBXBuildFile; fileRef = 686D74881E72E7AC001A40C8 /* Makefile */; };
		686D74AB1E72E837001A40C8 /* axp.cpp in Sources */ = {isa = PBXBuildFile; fileRef = 686D74981E72E837001A40C8 /* axp.cpp */; };
		686D74AC1E72E837001A40C8 /* ev4.cpp in Sources */ = {isa = PBXBuildFile; fileRef = 686D749A1E72E837001A40C8 /* ev4.cpp */; };
		686D74AD1E72E837001A40C8 /* opcodes.cpp in Sources */ = {isa = PBXBuildFile; fileRef = 686D749C1E72E837001A40C8 /* opcodes.cpp */; };
		686D74AE1E72E837001A40C8 /* pdp10_opc.cpp in Sources */ = {isa = PBXBuildFile; fileRef = 686D74A51E72E837001A40C8 /* pdp10_opc.cpp */; };
		686D74D31E72E875001A40C8 /* core.cpp in Sources */ = {isa = PBXBuildFile; fileRef = 686D74C91E72E875001A40C8 /* core.cpp */; };
		686D74D41E72E875001A40C8 /* devsys.cpp in Sources */ = {isa = PBXBuildFile; fileRef = 686D74CD1E72E875001A40C8 /* devsys.cpp */; };
		686D74D51E72E875001A40C8 /* main.cpp in Sources */ = {isa = PBXBuildFile; fileRef = 686D74D01E72E875001A40C8 /* main.cpp */; };
		686D74E01E72E8EF001A40C8 /* hsc.cpp in Sources */ = {isa = PBXBuildFile; fileRef = 686D74D81E72E8EF001A40C8 /* hsc.cpp */; };
		686D74E11E72E8EF001A40C8 /* ibm3x0.cpp in Sources */ = {isa = PBXBuildFile; fileRef = 686D74D91E72E8EF001A40C8 /* ibm3x0.cpp */; };
		686D74E21E72E8EF001A40C8 /* ibm700.cpp in Sources */ = {isa = PBXBuildFile; fileRef = 686D74DA1E72E8EF001A40C8 /* ibm700.cpp */; };
		686D74E41E72E8EF001A40C8 /* pdp11.cpp in Sources */ = {isa = PBXBuildFile; fileRef = 686D74DD1E72E8EF001A40C8 /* pdp11.cpp */; };
		686D74E51E72E8EF001A40C8 /* vax.cpp in Sources */ = {isa = PBXBuildFile; fileRef = 686D74DE1E72E8EF001A40C8 /* vax.cpp */; };
		686D74EA1E72E953001A40C8 /* image.cpp in Sources */ = {isa = PBXBuildFile; fileRef = 686D74E81E72E953001A40C8 /* image.cpp */; };
/* End PBXBuildFile section */

/* Begin PBXCopyFilesBuildPhase section */
		684036E81DC3951E001A40C8 /* CopyFiles */ = {
			isa = PBXCopyFilesBuildPhase;
			buildActionMask = 2147483647;
			dstPath = /usr/share/man/man1/;
			dstSubfolderSpec = 0;
			files = (
			);
			runOnlyForDeploymentPostprocessing = 1;
		};
/* End PBXCopyFilesBuildPhase section */

/* Begin PBXFileReference section */
		684036EA1DC3951E001A40C8 /* mse */ = {isa = PBXFileReference; explicitFileType = "compiled.mach-o.executable"; includeInIndex = 0; path = mse; sourceTree = BUILT_PRODUCTS_DIR; };
		684037201DC3985C001A40C8 /* console.cpp */ = {isa = PBXFileReference; fileEncoding = 4; lastKnownFileType = sourcecode.cpp.cpp; path = console.cpp; sourceTree = "<group>"; };
		684037221DC3985C001A40C8 /* devcpu.cpp */ = {isa = PBXFileReference; fileEncoding = 4; lastKnownFileType = sourcecode.cpp.cpp; path = devcpu.cpp; sourceTree = "<group>"; };
		684037291DC3985C001A40C8 /* alpha.cpp */ = {isa = PBXFileReference; fileEncoding = 4; lastKnownFileType = sourcecode.cpp.cpp; path = alpha.cpp; sourceTree = "<group>"; };
		684037301DC39E09001A40C8 /* pdp10.cpp */ = {isa = PBXFileReference; fileEncoding = 4; lastKnownFileType = sourcecode.cpp.cpp; path = pdp10.cpp; sourceTree = "<group>"; };
		684037F61DC3D1B0001A40C8 /* user.cpp */ = {isa = PBXFileReference; fileEncoding = 4; lastKnownFileType = sourcecode.cpp.cpp; path = user.cpp; sourceTree = "<group>"; };
		684037F91DC3D281001A40C8 /* commands.cpp */ = {isa = PBXFileReference; fileEncoding = 4; lastKnownFileType = sourcecode.cpp.cpp; path = commands.cpp; sourceTree = "<group>"; };
		686D74831E72E782001A40C8 /* mse.xcodeproj */ = {isa = PBXFileReference; lastKnownFileType = "wrapper.pb-project"; path = mse.xcodeproj; sourceTree = "<group>"; };
		686D74871E72E7AC001A40C8 /* dump10.cpp */ = {isa = PBXFileReference; fileEncoding = 4; lastKnownFileType = sourcecode.cpp.cpp; path = dump10.cpp; sourceTree = "<group>"; };
		686D74881E72E7AC001A40C8 /* Makefile */ = {isa = PBXFileReference; fileEncoding = 4; lastKnownFileType = sourcecode.make; path = Makefile; sourceTree = "<group>"; };
		686D74981E72E837001A40C8 /* axp.cpp */ = {isa = PBXFileReference; fileEncoding = 4; lastKnownFileType = sourcecode.cpp.cpp; path = axp.cpp; sourceTree = "<group>"; };
		686D74991E72E837001A40C8 /* axp.h */ = {isa = PBXFileReference; fileEncoding = 4; lastKnownFileType = sourcecode.c.h; path = axp.h; sourceTree = "<group>"; };
		686D749A1E72E837001A40C8 /* ev4.cpp */ = {isa = PBXFileReference; fileEncoding = 4; lastKnownFileType = sourcecode.cpp.cpp; path = ev4.cpp; sourceTree = "<group>"; };
		686D749B1E72E837001A40C8 /* ev4.h */ = {isa = PBXFileReference; fileEncoding = 4; lastKnownFileType = sourcecode.c.h; path = ev4.h; sourceTree = "<group>"; };
		686D749C1E72E837001A40C8 /* opcodes.cpp */ = {isa = PBXFileReference; fileEncoding = 4; lastKnownFileType = sourcecode.cpp.cpp; path = opcodes.cpp; sourceTree = "<group>"; };
		686D749E1E72E837001A40C8 /* ibm3x0.h */ = {isa = PBXFileReference; fileEncoding = 4; lastKnownFileType = sourcecode.c.h; path = ibm3x0.h; sourceTree = "<group>"; };
		686D74A01E72E837001A40C8 /* ibm700.h */ = {isa = PBXFileReference; fileEncoding = 4; lastKnownFileType = sourcecode.c.h; path = ibm700.h; sourceTree = "<group>"; };
		686D74A21E72E837001A40C8 /* ks10.h */ = {isa = PBXFileReference; fileEncoding = 4; lastKnownFileType = sourcecode.c.h; path = ks10.h; sourceTree = "<group>"; };
		686D74A31E72E837001A40C8 /* pdp10.h */ = {isa = PBXFileReference; fileEncoding = 4; lastKnownFileType = sourcecode.c.h; path = pdp10.h; sourceTree = "<group>"; };
		686D74A41E72E837001A40C8 /* pdp10_exec.h */ = {isa = PBXFileReference; fileEncoding = 4; lastKnownFileType = sourcecode.c.h; path = pdp10_exec.h; sourceTree = "<group>"; };
		686D74A51E72E837001A40C8 /* pdp10_opc.cpp */ = {isa = PBXFileReference; fileEncoding = 4; lastKnownFileType = sourcecode.cpp.cpp; path = pdp10_opc.cpp; sourceTree = "<group>"; };
		686D74A61E72E837001A40C8 /* pdp10_opc.h */ = {isa = PBXFileReference; fileEncoding = 4; lastKnownFileType = sourcecode.c.h; path = pdp10_opc.h; sourceTree = "<group>"; };
		686D74A81E72E837001A40C8 /* pdp11.h */ = {isa = PBXFileReference; fileEncoding = 4; lastKnownFileType = sourcecode.c.h; path = pdp11.h; sourceTree = "<group>"; };
		686D74AA1E72E837001A40C8 /* vax.h */ = {isa = PBXFileReference; fileEncoding = 4; lastKnownFileType = sourcecode.c.h; path = vax.h; sourceTree = "<group>"; };
		686D74C71E72E875001A40C8 /* commands.h */ = {isa = PBXFileReference; fileEncoding = 4; lastKnownFileType = sourcecode.c.h; path = commands.h; sourceTree = "<group>"; };
		686D74C81E72E875001A40C8 /* console.h */ = {isa = PBXFileReference; fileEncoding = 4; lastKnownFileType = sourcecode.c.h; path = console.h; sourceTree = "<group>"; };
		686D74C91E72E875001A40C8 /* core.cpp */ = {isa = PBXFileReference; fileEncoding = 4; lastKnownFileType = sourcecode.cpp.cpp; path = core.cpp; sourceTree = "<group>"; };
		686D74CA1E72E875001A40C8 /* core.h */ = {isa = PBXFileReference; fileEncoding = 4; lastKnownFileType = sourcecode.c.h; path = core.h; sourceTree = "<group>"; };
		686D74CB1E72E875001A40C8 /* devcore.h */ = {isa = PBXFileReference; fileEncoding = 4; lastKnownFileType = sourcecode.c.h; path = devcore.h; sourceTree = "<group>"; };
		686D74CC1E72E875001A40C8 /* devcpu.h */ = {isa = PBXFileReference; fileEncoding = 4; lastKnownFileType = sourcecode.c.h; path = devcpu.h; sourceTree = "<group>"; };
		686D74CD1E72E875001A40C8 /* devsys.cpp */ = {isa = PBXFileReference; fileEncoding = 4; lastKnownFileType = sourcecode.cpp.cpp; path = devsys.cpp; sourceTree = "<group>"; };
		686D74CE1E72E875001A40C8 /* devsys.h */ = {isa = PBXFileReference; fileEncoding = 4; lastKnownFileType = sourcecode.c.h; path = devsys.h; sourceTree = "<group>"; };
		686D74D01E72E875001A40C8 /* main.cpp */ = {isa = PBXFileReference; fileEncoding = 4; lastKnownFileType = sourcecode.cpp.cpp; path = main.cpp; sourceTree = "<group>"; };
		686D74D11E72E875001A40C8 /* socket.h */ = {isa = PBXFileReference; fileEncoding = 4; lastKnownFileType = sourcecode.c.h; path = socket.h; sourceTree = "<group>"; };
		686D74D21E72E875001A40C8 /* user.h */ = {isa = PBXFileReference; fileEncoding = 4; lastKnownFileType = sourcecode.c.h; path = user.h; sourceTree = "<group>"; };
		686D74D81E72E8EF001A40C8 /* hsc.cpp */ = {isa = PBXFileReference; fileEncoding = 4; lastKnownFileType = sourcecode.cpp.cpp; path = hsc.cpp; sourceTree = "<group>"; };
		686D74D91E72E8EF001A40C8 /* ibm3x0.cpp */ = {isa = PBXFileReference; fileEncoding = 4; lastKnownFileType = sourcecode.cpp.cpp; path = ibm3x0.cpp; sourceTree = "<group>"; };
		686D74DA1E72E8EF001A40C8 /* ibm700.cpp */ = {isa = PBXFileReference; fileEncoding = 4; lastKnownFileType = sourcecode.cpp.cpp; path = ibm700.cpp; sourceTree = "<group>"; };
		686D74DC1E72E8EF001A40C8 /* pdp10.h */ = {isa = PBXFileReference; fileEncoding = 4; lastKnownFileType = sourcecode.c.h; path = pdp10.h; sourceTree = "<group>"; };
		686D74DD1E72E8EF001A40C8 /* pdp11.cpp */ = {isa = PBXFileReference; fileEncoding = 4; lastKnownFileType = sourcecode.cpp.cpp; path = pdp11.cpp; sourceTree = "<group>"; };
		686D74DE1E72E8EF001A40C8 /* vax.cpp */ = {isa = PBXFileReference; fileEncoding = 4; lastKnownFileType = sourcecode.cpp.cpp; path = vax.cpp; sourceTree = "<group>"; };
		686D74E81E72E953001A40C8 /* image.cpp */ = {isa = PBXFileReference; fileEncoding = 4; lastKnownFileType = sourcecode.cpp.cpp; path = image.cpp; sourceTree = "<group>"; };
		686D74E91E72E953001A40C8 /* word10.h */ = {isa = PBXFileReference; fileEncoding = 4; lastKnownFileType = sourcecode.c.h; path = word10.h; sourceTree = "<group>"; };
/* End PBXFileReference section */

/* Begin PBXFrameworksBuildPhase section */
		684036E71DC3951E001A40C8 /* Frameworks */ = {
			isa = PBXFrameworksBuildPhase;
			buildActionMask = 2147483647;
			files = (
			);
			runOnlyForDeploymentPostprocessing = 0;
		};
/* End PBXFrameworksBuildPhase section */

/* Begin PBXGroup section */
		684036E11DC3951E001A40C8 = {
			isa = PBXGroup;
			children = (
				686D74821E72E782001A40C8 /* mse */,
				684037131DC3985C001A40C8 /* src */,
				684036EB1DC3951E001A40C8 /* Products */,
			);
			sourceTree = "<group>";
		};
		684036EB1DC3951E001A40C8 /* Products */ = {
			isa = PBXGroup;
			children = (
				684036EA1DC3951E001A40C8 /* mse */,
			);
			name = Products;
			sourceTree = "<group>";
		};
		684037131DC3985C001A40C8 /* src */ = {
			isa = PBXGroup;
			children = (
				686D74E61E72E953001A40C8 /* formats */,
				686D74861E72E7AC001A40C8 /* tools */,
				684037141DC3985C001A40C8 /* devices */,
				6840371F1DC3985C001A40C8 /* emu */,
				684037271DC3985C001A40C8 /* system */,
			);
			name = src;
			path = ../../src;
			sourceTree = "<group>";
		};
		684037141DC3985C001A40C8 /* devices */ = {
			isa = PBXGroup;
			children = (
				684037151DC3985C001A40C8 /* cpu */,
			);
			path = devices;
			sourceTree = "<group>";
		};
		684037151DC3985C001A40C8 /* cpu */ = {
			isa = PBXGroup;
			children = (
				686D74971E72E837001A40C8 /* alpha */,
				686D749D1E72E837001A40C8 /* ibm3x0 */,
				686D749F1E72E837001A40C8 /* ibm700 */,
				686D74A11E72E837001A40C8 /* pdp10 */,
				686D74A71E72E837001A40C8 /* pdp11 */,
				686D74A91E72E837001A40C8 /* vax */,
			);
			path = cpu;
			sourceTree = "<group>";
		};
		6840371F1DC3985C001A40C8 /* emu */ = {
			isa = PBXGroup;
			children = (
				686D74C71E72E875001A40C8 /* commands.h */,
				686D74C81E72E875001A40C8 /* console.h */,
				686D74C91E72E875001A40C8 /* core.cpp */,
				686D74CA1E72E875001A40C8 /* core.h */,
				686D74CB1E72E875001A40C8 /* devcore.h */,
				686D74CC1E72E875001A40C8 /* devcpu.h */,
				686D74CD1E72E875001A40C8 /* devsys.cpp */,
				686D74CE1E72E875001A40C8 /* devsys.h */,
				686D74CF1E72E875001A40C8 /* osd */,
				686D74D21E72E875001A40C8 /* user.h */,
				684037201DC3985C001A40C8 /* console.cpp */,
				684037221DC3985C001A40C8 /* devcpu.cpp */,
				684037F61DC3D1B0001A40C8 /* user.cpp */,
				684037F91DC3D281001A40C8 /* commands.cpp */,
			);
			path = emu;
			sourceTree = "<group>";
		};
		684037271DC3985C001A40C8 /* system */ = {
			isa = PBXGroup;
			children = (
				684037281DC3985C001A40C8 /* drivers */,
			);
			path = system;
			sourceTree = "<group>";
		};
		684037281DC3985C001A40C8 /* drivers */ = {
			isa = PBXGroup;
			children = (
				686D74DC1E72E8EF001A40C8 /* pdp10.h */,
				686D74DA1E72E8EF001A40C8 /* ibm700.cpp */,
				686D74D91E72E8EF001A40C8 /* ibm3x0.cpp */,
				686D74D81E72E8EF001A40C8 /* hsc.cpp */,
				686D74DD1E72E8EF001A40C8 /* pdp11.cpp */,
				686D74DE1E72E8EF001A40C8 /* vax.cpp */,
				684037291DC3985C001A40C8 /* alpha.cpp */,
				684037301DC39E09001A40C8 /* pdp10.cpp */,
			);
			path = drivers;
			sourceTree = "<group>";
		};
		686D74821E72E782001A40C8 /* mse */ = {
			isa = PBXGroup;
			children = (
				686D74831E72E782001A40C8 /* mse.xcodeproj */,
			);
			name = mse;
			sourceTree = "<group>";
		};
		686D74841E72E782001A40C8 /* Products */ = {
			isa = PBXGroup;
			name = Products;
			sourceTree = "<group>";
		};
		686D74861E72E7AC001A40C8 /* tools */ = {
			isa = PBXGroup;
			children = (
				686D74871E72E7AC001A40C8 /* dump10.cpp */,
				686D74881E72E7AC001A40C8 /* Makefile */,
			);
			path = tools;
			sourceTree = "<group>";
		};
		686D74971E72E837001A40C8 /* alpha */ = {
			isa = PBXGroup;
			children = (
				686D74981E72E837001A40C8 /* axp.cpp */,
				686D74991E72E837001A40C8 /* axp.h */,
				686D749A1E72E837001A40C8 /* ev4.cpp */,
				686D749B1E72E837001A40C8 /* ev4.h */,
				686D749C1E72E837001A40C8 /* opcodes.cpp */,
			);
			path = alpha;
			sourceTree = "<group>";
		};
		686D749D1E72E837001A40C8 /* ibm3x0 */ = {
			isa = PBXGroup;
			children = (
				686D749E1E72E837001A40C8 /* ibm3x0.h */,
			);
			path = ibm3x0;
			sourceTree = "<group>";
		};
		686D749F1E72E837001A40C8 /* ibm700 */ = {
			isa = PBXGroup;
			children = (
				686D74A01E72E837001A40C8 /* ibm700.h */,
			);
			path = ibm700;
			sourceTree = "<group>";
		};
		686D74A11E72E837001A40C8 /* pdp10 */ = {
			isa = PBXGroup;
			children = (
				686D74A21E72E837001A40C8 /* ks10.h */,
				686D74A31E72E837001A40C8 /* pdp10.h */,
				686D74A41E72E837001A40C8 /* pdp10_exec.h */,
				686D74A51E72E837001A40C8 /* pdp10_opc.cpp */,
				686D74A61E72E837001A40C8 /* pdp10_opc.h */,
			);
			path = pdp10;
			sourceTree = "<group>";
		};
		686D74A71E72E837001A40C8 /* pdp11 */ = {
			isa = PBXGroup;
			children = (
				686D74A81E72E837001A40C8 /* pdp11.h */,
			);
			path = pdp11;
			sourceTree = "<group>";
		};
		686D74A91E72E837001A40C8 /* vax */ = {
			isa = PBXGroup;
			children = (
				686D74AA1E72E837001A40C8 /* vax.h */,
			);
			path = vax;
			sourceTree = "<group>";
		};
		686D74CF1E72E875001A40C8 /* osd */ = {
			isa = PBXGroup;
			children = (
				686D74D01E72E875001A40C8 /* main.cpp */,
				686D74D11E72E875001A40C8 /* socket.h */,
			);
			path = osd;
			sourceTree = "<group>";
		};
		686D74E61E72E953001A40C8 /* formats */ = {
			isa = PBXGroup;
			children = (
				686D74E71E72E953001A40C8 /* dec */,
			);
			path = formats;
			sourceTree = "<group>";
		};
		686D74E71E72E953001A40C8 /* dec */ = {
			isa = PBXGroup;
			children = (
				686D74E81E72E953001A40C8 /* image.cpp */,
				686D74E91E72E953001A40C8 /* word10.h */,
			);
			path = dec;
			sourceTree = "<group>";
		};
/* End PBXGroup section */

/* Begin PBXNativeTarget section */
		684036E91DC3951E001A40C8 /* mse */ = {
			isa = PBXNativeTarget;
			buildConfigurationList = 684036F11DC3951E001A40C8 /* Build configuration list for PBXNativeTarget "mse" */;
			buildPhases = (
				684036E61DC3951E001A40C8 /* Sources */,
				684036E71DC3951E001A40C8 /* Frameworks */,
				684036E81DC3951E001A40C8 /* CopyFiles */,
			);
			buildRules = (
			);
			dependencies = (
			);
			name = mse;
			productName = mse;
			productReference = 684036EA1DC3951E001A40C8 /* mse */;
			productType = "com.apple.product-type.tool";
		};
/* End PBXNativeTarget section */

/* Begin PBXProject section */
		684036E21DC3951E001A40C8 /* Project object */ = {
			isa = PBXProject;
			attributes = {
				LastUpgradeCheck = 0810;
				ORGANIZATIONNAME = "Timothy Stark";
				TargetAttributes = {
					684036E91DC3951E001A40C8 = {
						CreatedOnToolsVersion = 8.1;
						ProvisioningStyle = Automatic;
					};
				};
			};
			buildConfigurationList = 684036E51DC3951E001A40C8 /* Build configuration list for PBXProject "mse" */;
			compatibilityVersion = "Xcode 3.2";
			developmentRegion = English;
			hasScannedForEncodings = 0;
			knownRegions = (
				en,
			);
			mainGroup = 684036E11DC3951E001A40C8;
			productRefGroup = 684036EB1DC3951E001A40C8 /* Products */;
			projectDirPath = "";
			projectReferences = (
				{
					ProductGroup = 686D74841E72E782001A40C8 /* Products */;
					ProjectRef = 686D74831E72E782001A40C8 /* mse.xcodeproj */;
				},
			);
			projectRoot = "";
			targets = (
				684036E91DC3951E001A40C8 /* mse */,
			);
		};
/* End PBXProject section */

/* Begin PBXSourcesBuildPhase section */
		684036E61DC3951E001A40C8 /* Sources */ = {
			isa = PBXSourcesBuildPhase;
			buildActionMask = 2147483647;
			files = (
				686D74E21E72E8EF001A40C8 /* ibm700.cpp in Sources */,
				684037F81DC3D1B0001A40C8 /* user.cpp in Sources */,
				686D74AC1E72E837001A40C8 /* ev4.cpp in Sources */,
				684037FB1DC3D281001A40C8 /* commands.cpp in Sources */,
				6840372C1DC3985C001A40C8 /* console.cpp in Sources */,
				686D748A1E72E7AC001A40C8 /* Makefile in Sources */,
				686D74D51E72E875001A40C8 /* main.cpp in Sources */,
				686D74E01E72E8EF001A40C8 /* hsc.cpp in Sources */,
				686D74E11E72E8EF001A40C8 /* ibm3x0.cpp in Sources */,
				686D74E41E72E8EF001A40C8 /* pdp11.cpp in Sources */,
				6840372F1DC3985C001A40C8 /* alpha.cpp in Sources */,
				684037311DC39E09001A40C8 /* pdp10.cpp in Sources */,
				686D74AE1E72E837001A40C8 /* pdp10_opc.cpp in Sources */,
				6840372D1DC3985C001A40C8 /* devcpu.cpp in Sources */,
				686D74AB1E72E837001A40C8 /* axp.cpp in Sources */,
				686D74EA1E72E953001A40C8 /* image.cpp in Sources */,
				686D74D41E72E875001A40C8 /* devsys.cpp in Sources */,
				686D74E51E72E8EF001A40C8 /* vax.cpp in Sources */,
				686D74AD1E72E837001A40C8 /* opcodes.cpp in Sources */,
				686D74D31E72E875001A40C8 /* core.cpp in Sources */,
			);
			runOnlyForDeploymentPostprocessing = 0;
		};
/* End PBXSourcesBuildPhase section */

/* Begin XCBuildConfiguration section */
		684036EF1DC3951E001A40C8 /* Debug */ = {
			isa = XCBuildConfiguration;
			buildSettings = {
				ALWAYS_SEARCH_USER_PATHS = NO;
				CLANG_ANALYZER_NONNULL = YES;
				CLANG_CXX_LANGUAGE_STANDARD = "gnu++0x";
				CLANG_CXX_LIBRARY = "libc++";
				CLANG_ENABLE_MODULES = YES;
				CLANG_ENABLE_OBJC_ARC = YES;
				CLANG_WARN_BOOL_CONVERSION = YES;
				CLANG_WARN_CONSTANT_CONVERSION = YES;
				CLANG_WARN_DIRECT_OBJC_ISA_USAGE = YES_ERROR;
				CLANG_WARN_DOCUMENTATION_COMMENTS = YES;
				CLANG_WARN_EMPTY_BODY = YES;
				CLANG_WARN_ENUM_CONVERSION = YES;
				CLANG_WARN_INFINITE_RECURSION = YES;
				CLANG_WARN_INT_CONVERSION = YES;
				CLANG_WARN_OBJC_ROOT_CLASS = YES_ERROR;
				CLANG_WARN_SUSPICIOUS_MOVES = YES;
				CLANG_WARN_UNREACHABLE_CODE = YES;
				CLANG_WARN__DUPLICATE_METHOD_MATCH = YES;
				CODE_SIGN_IDENTITY = "-";
				COPY_PHASE_STRIP = NO;
				DEBUG_INFORMATION_FORMAT = dwarf;
				ENABLE_STRICT_OBJC_MSGSEND = YES;
				ENABLE_TESTABILITY = YES;
				GCC_C_LANGUAGE_STANDARD = gnu99;
				GCC_DYNAMIC_NO_PIC = NO;
				GCC_NO_COMMON_BLOCKS = YES;
				GCC_OPTIMIZATION_LEVEL = 0;
				GCC_PREPROCESSOR_DEFINITIONS = (
					"DEBUG=1",
					"$(inherited)",
				);
				GCC_WARN_64_TO_32_BIT_CONVERSION = YES;
				GCC_WARN_ABOUT_RETURN_TYPE = YES_ERROR;
				GCC_WARN_UNDECLARED_SELECTOR = YES;
				GCC_WARN_UNINITIALIZED_AUTOS = YES_AGGRESSIVE;
				GCC_WARN_UNUSED_FUNCTION = YES;
				GCC_WARN_UNUSED_VARIABLE = YES;
				MACOSX_DEPLOYMENT_TARGET = 10.12;
				MTL_ENABLE_DEBUG_INFO = YES;
				ONLY_ACTIVE_ARCH = YES;
				SDKROOT = macosx;
			};
			name = Debug;
		};
		684036F01DC3951E001A40C8 /* Release */ = {
			isa = XCBuildConfiguration;
			buildSettings = {
				ALWAYS_SEARCH_USER_PATHS = NO;
				CLANG_ANALYZER_NONNULL = YES;
				CLANG_CXX_LANGUAGE_STANDARD = "gnu++0x";
				CLANG_CXX_LIBRARY = "libc++";
				CLANG_ENABLE_MODULES = YES;
				CLANG_ENABLE_OBJC_ARC = YES;
				CLANG_WARN_BOOL_CONVERSION = YES;
				CLANG_WARN_CONSTANT_CONVERSION = YES;
				CLANG_WARN_DIRECT_OBJC_ISA_USAGE = YES_ERROR;
				CLANG_WARN_DOCUMENTATION_COMMENTS = YES;
				CLANG_WARN_EMPTY_BODY = YES;
				CLANG_WARN_ENUM_CONVERSION = YES;
				CLANG_WARN_INFINITE_RECURSION = YES;
				CLANG_WARN_INT_CONVERSION = YES;
				CLANG_WARN_OBJC_ROOT_CLASS = YES_ERROR;
				CLANG_WARN_SUSPICIOUS_MOVES = YES;
				CLANG_WARN_UNREACHABLE_CODE = YES;
				CLANG_WARN__DUPLICATE_METHOD_MATCH = YES;
				CODE_SIGN_IDENTITY = "-";
				COPY_PHASE_STRIP = NO;
				DEBUG_INFORMATION_FORMAT = "dwarf-with-dsym";
				ENABLE_NS_ASSERTIONS = NO;
				ENABLE_STRICT_OBJC_MSGSEND = YES;
				GCC_C_LANGUAGE_STANDARD = gnu99;
				GCC_NO_COMMON_BLOCKS = YES;
				GCC_WARN_64_TO_32_BIT_CONVERSION = YES;
				GCC_WARN_ABOUT_RETURN_TYPE = YES_ERROR;
				GCC_WARN_UNDECLARED_SELECTOR = YES;
				GCC_WARN_UNINITIALIZED_AUTOS = YES_AGGRESSIVE;
				GCC_WARN_UNUSED_FUNCTION = YES;
				GCC_WARN_UNUSED_VARIABLE = YES;
				MACOSX_DEPLOYMENT_TARGET = 10.12;
				MTL_ENABLE_DEBUG_INFO = NO;
				SDKROOT = macosx;
			};
			name = Release;
		};
		684036F21DC3951E001A40C8 /* Debug */ = {
			isa = XCBuildConfiguration;
			buildSettings = {
				PRODUCT_NAME = "$(TARGET_NAME)";
				USER_HEADER_SEARCH_PATHS = ../../src;
			};
			name = Debug;
		};
		684036F31DC3951E001A40C8 /* Release */ = {
			isa = XCBuildConfiguration;
			buildSettings = {
				PRODUCT_NAME = "$(TARGET_NAME)";
				USER_HEADER_SEARCH_PATHS = ../../src;
			};
			name = Release;
		};
/* End XCBuildConfiguration section */

/* Begin XCConfigurationList section */
		684036E51DC3951E001A40C8 /* Build configuration list for PBXProject "mse" */ = {
			isa = XCConfigurationList;
			buildConfigurations = (
				684036EF1DC3951E001A40C8 /* Debug */,
				684036F01DC3951E001A40C8 /* Release */,
			);
			defaultConfigurationIsVisible = 0;
			defaultConfigurationName = Release;
		};
		684036F11DC3951E001A40C8 /* Build configuration list for PBXNativeTarget "mse" */ = {
			isa = XCConfigurationList;
			buildConfigurations = (
				684036F21DC3951E001A40C8 /* Debug */,
				684036F31DC3951E001A40C8 /* Release */,
			);
			defaultConfigurationIsVisible = 0;
			defaultConfigurationName = Release;
		};
/* End XCConfigurationList section */
	};
	rootObject = 684036E21DC3951E001A40C8 /* Project object */;
}
